
Microsoft Visual Studio Solution File, Format Version 12.00
# Visual Studio Version 17
VisualStudioVersion = 17.5.33627.172
MinimumVisualStudioVersion = 10.0.40219.1
Project("{9A19103F-16F7-4668-BE54-9A1E7A4F7556}") = "FireApp", "FireApp\FireApp.csproj", "{537BA144-7492-4AC4-9AC2-D2F0C1FED1DB}"
EndProject
Global
	GlobalSection(SolutionConfigurationPlatforms) = preSolution
		Debug|Any CPU = Debug|Any CPU
		Release|Any CPU = Release|Any CPU
	EndGlobalSection
	GlobalSection(ProjectConfigurationPlatforms) = postSolution
		{537BA144-7492-4AC4-9AC2-D2F0C1FED1DB}.Debug|Any CPU.ActiveCfg = Debug|Any CPU
		{537BA144-7492-4AC4-9AC2-D2F0C1FED1DB}.Debug|Any CPU.Build.0 = Debug|Any CPU
		{537BA144-7492-4AC4-9AC2-D2F0C1FED1DB}.Release|Any CPU.ActiveCfg = Release|Any CPU
		{537BA144-7492-4AC4-9AC2-D2F0C1FED1DB}.Release|Any CPU.Build.0 = Release|Any CPU
	EndGlobalSection
	GlobalSection(SolutionProperties) = preSolution
		HideSolutionNode = FALSE
	EndGlobalSection
	GlobalSection(ExtensibilityGlobals) = postSolution
		SolutionGuid = {BDF0EA6D-6104-4D51-A29A-07195CDE88F8}
	EndGlobalSection
EndGlobal
